
Microsoft Visual Studio Solution File, Format Version 12.00
# Blend for Visual Studio 14
VisualStudioVersion = 14.0.25420.1
MinimumVisualStudioVersion = 10.0.40219.1
Project("{FAE04EC0-301F-11D3-BF4B-00C04F79EFBC}") = "Vista", "Vista\Vista.csproj", "{4C288F8E-B9D3-4DA7-BBBB-FB639A7E0327}"
EndProject
Project("{FAE04EC0-301F-11D3-BF4B-00C04F79EFBC}") = "clases", "clases\clases.csproj", "{91FD4560-4455-4E66-84D7-0213019B7FFA}"
EndProject
Global
	GlobalSection(SolutionConfigurationPlatforms) = preSolution
		Debug|Any CPU = Debug|Any CPU
		Release|Any CPU = Release|Any CPU
	EndGlobalSection
	GlobalSection(ProjectConfigurationPlatforms) = postSolution
		{4C288F8E-B9D3-4DA7-BBBB-FB639A7E0327}.Debug|Any CPU.ActiveCfg = Debug|Any CPU
		{4C288F8E-B9D3-4DA7-BBBB-FB639A7E0327}.Debug|Any CPU.Build.0 = Debug|Any CPU
		{4C288F8E-B9D3-4DA7-BBBB-FB639A7E0327}.Release|Any CPU.ActiveCfg = Release|Any CPU
		{4C288F8E-B9D3-4DA7-BBBB-FB639A7E0327}.Release|Any CPU.Build.0 = Release|Any CPU
		{91FD4560-4455-4E66-84D7-0213019B7FFA}.Debug|Any CPU.ActiveCfg = Debug|Any CPU
		{91FD4560-4455-4E66-84D7-0213019B7FFA}.Debug|Any CPU.Build.0 = Debug|Any CPU
		{91FD4560-4455-4E66-84D7-0213019B7FFA}.Release|Any CPU.ActiveCfg = Release|Any CPU
		{91FD4560-4455-4E66-84D7-0213019B7FFA}.Release|Any CPU.Build.0 = Release|Any CPU
	EndGlobalSection
	GlobalSection(SolutionProperties) = preSolution
		HideSolutionNode = FALSE
	EndGlobalSection
EndGlobal
